
Microsoft Visual Studio Solution File, Format Version 12.00
# Visual Studio Version 17
VisualStudioVersion = 17.7.34221.43
MinimumVisualStudioVersion = 10.0.40219.1
Project("{FAE04EC0-301F-11D3-BF4B-00C04F79EFBC}") = "fibonachi", "fibonachi\fibonachi.csproj", "{9C4FB773-3E80-4D1E-A4D7-D15D53760375}"
EndProject
Global
	GlobalSection(SolutionConfigurationPlatforms) = preSolution
		Debug|Any CPU = Debug|Any CPU
		Release|Any CPU = Release|Any CPU
	EndGlobalSection
	GlobalSection(ProjectConfigurationPlatforms) = postSolution
		{9C4FB773-3E80-4D1E-A4D7-D15D53760375}.Debug|Any CPU.ActiveCfg = Debug|Any CPU
		{9C4FB773-3E80-4D1E-A4D7-D15D53760375}.Debug|Any CPU.Build.0 = Debug|Any CPU
		{9C4FB773-3E80-4D1E-A4D7-D15D53760375}.Release|Any CPU.ActiveCfg = Release|Any CPU
		{9C4FB773-3E80-4D1E-A4D7-D15D53760375}.Release|Any CPU.Build.0 = Release|Any CPU
	EndGlobalSection
	GlobalSection(SolutionProperties) = preSolution
		HideSolutionNode = FALSE
	EndGlobalSection
	GlobalSection(ExtensibilityGlobals) = postSolution
		SolutionGuid = {C2C39C83-F3F5-4587-B1B7-CFA41586F7B6}
	EndGlobalSection
EndGlobal
